
Microsoft Visual Studio Solution File, Format Version 12.00
# Visual Studio Version 17
VisualStudioVersion = 17.9.34728.123
MinimumVisualStudioVersion = 10.0.40219.1
Project("{9A19103F-16F7-4668-BE54-9A1E7A4F7556}") = "DungeonApp", "DungeonApp\DungeonApp.csproj", "{0845EF90-F853-41FB-800C-9C385E166294}"
EndProject
Project("{FAE04EC0-301F-11D3-BF4B-00C04F79EFBC}") = "DungeonLibrary", "DungeonLibrary\DungeonLibrary.csproj", "{9B8A1E95-8F4E-45F5-BB84-CFA51A147EF2}"
EndProject
Global
	GlobalSection(SolutionConfigurationPlatforms) = preSolution
		Debug|Any CPU = Debug|Any CPU
		Release|Any CPU = Release|Any CPU
	EndGlobalSection
	GlobalSection(ProjectConfigurationPlatforms) = postSolution
		{0845EF90-F853-41FB-800C-9C385E166294}.Debug|Any CPU.ActiveCfg = Debug|Any CPU
		{0845EF90-F853-41FB-800C-9C385E166294}.Debug|Any CPU.Build.0 = Debug|Any CPU
		{0845EF90-F853-41FB-800C-9C385E166294}.Release|Any CPU.ActiveCfg = Release|Any CPU
		{0845EF90-F853-41FB-800C-9C385E166294}.Release|Any CPU.Build.0 = Release|Any CPU
		{9B8A1E95-8F4E-45F5-BB84-CFA51A147EF2}.Debug|Any CPU.ActiveCfg = Debug|Any CPU
		{9B8A1E95-8F4E-45F5-BB84-CFA51A147EF2}.Debug|Any CPU.Build.0 = Debug|Any CPU
		{9B8A1E95-8F4E-45F5-BB84-CFA51A147EF2}.Release|Any CPU.ActiveCfg = Release|Any CPU
		{9B8A1E95-8F4E-45F5-BB84-CFA51A147EF2}.Release|Any CPU.Build.0 = Release|Any CPU
	EndGlobalSection
	GlobalSection(SolutionProperties) = preSolution
		HideSolutionNode = FALSE
	EndGlobalSection
	GlobalSection(ExtensibilityGlobals) = postSolution
		SolutionGuid = {1BAEFD31-1386-473D-B8BB-251C55F70ABF}
	EndGlobalSection
EndGlobal
